// !$*UTF8*$!
{
	archiveVersion = 1;
	classes = {
	};
	objectVersion = 46;
	objects = {

/* Begin PBXBuildFile section */
		6D5C534A1B036B7D008EA8E0 /* main.m in Sources */ = {isa = PBXBuildFile; fileRef = 6D5C53491B036B7D008EA8E0 /* main.m */; };
		6D5C534D1B036B7D008EA8E0 /* AppDelegate.m in Sources */ = {isa = PBXBuildFile; fileRef = 6D5C534C1B036B7D008EA8E0 /* AppDelegate.m */; };
		6D5C53501B036B7D008EA8E0 /* ViewController.m in Sources */ = {isa = PBXBuildFile; fileRef = 6D5C534F1B036B7D008EA8E0 /* ViewController.m */; };
		6D5C53531B036B7D008EA8E0 /* Main.storyboard in Resources */ = {isa = PBXBuildFile; fileRef = 6D5C53511B036B7D008EA8E0 /* Main.storyboard */; };
		6D5C53551B036B7D008EA8E0 /* Images.xcassets in Resources */ = {isa = PBXBuildFile; fileRef = 6D5C53541B036B7D008EA8E0 /* Images.xcassets */; };
		6D5C53581B036B7D008EA8E0 /* LaunchScreen.xib in Resources */ = {isa = PBXBuildFile; fileRef = 6D5C53561B036B7D008EA8E0 /* LaunchScreen.xib */; };
		6D5C53641B036B7D008EA8E0 /* CustomViewWithIBTests.m in Sources */ = {isa = PBXBuildFile; fileRef = 6D5C53631B036B7D008EA8E0 /* CustomViewWithIBTests.m */; };
		6D5C536F1B036BDF008EA8E0 /* MyCustomView.m in Sources */ = {isa = PBXBuildFile; fileRef = 6D5C536E1B036BDF008EA8E0 /* MyCustomView.m */; };
		6D5C53711B036C04008EA8E0 /* MyCustomView.xib in Resources */ = {isa = PBXBuildFile; fileRef = 6D5C53701B036C04008EA8E0 /* MyCustomView.xib */; };
/* End PBXBuildFile section */

/* Begin PBXContainerItemProxy section */
		6D5C535E1B036B7D008EA8E0 /* PBXContainerItemProxy */ = {
			isa = PBXContainerItemProxy;
			containerPortal = 6D5C533C1B036B7D008EA8E0 /* Project object */;
			proxyType = 1;
			remoteGlobalIDString = 6D5C53431B036B7D008EA8E0;
			remoteInfo = CustomViewWithIB;
		};
/* End PBXContainerItemProxy section */

/* Begin PBXFileReference section */
		6D5C53441B036B7D008EA8E0 /* CustomViewWithIB.app */ = {isa = PBXFileReference; explicitFileType = wrapper.application; includeInIndex = 0; path = CustomViewWithIB.app; sourceTree = BUILT_PRODUCTS_DIR; };
		6D5C53481B036B7D008EA8E0 /* Info.plist */ = {isa = PBXFileReference; lastKnownFileType = text.plist.xml; path = Info.plist; sourceTree = "<group>"; };
		6D5C53491B036B7D008EA8E0 /* main.m */ = {isa = PBXFileReference; lastKnownFileType = sourcecode.c.objc; path = main.m; sourceTree = "<group>"; };
		6D5C534B1B036B7D008EA8E0 /* AppDelegate.h */ = {isa = PBXFileReference; lastKnownFileType = sourcecode.c.h; path = AppDelegate.h; sourceTree = "<group>"; };
		6D5C534C1B036B7D008EA8E0 /* AppDelegate.m */ = {isa = PBXFileReference; lastKnownFileType = sourcecode.c.objc; path = AppDelegate.m; sourceTree = "<group>"; };
		6D5C534E1B036B7D008EA8E0 /* ViewController.h */ = {isa = PBXFileReference; lastKnownFileType = sourcecode.c.h; path = ViewController.h; sourceTree = "<group>"; };
		6D5C534F1B036B7D008EA8E0 /* ViewController.m */ = {isa = PBXFileReference; lastKnownFileType = sourcecode.c.objc; path = ViewController.m; sourceTree = "<group>"; };
		6D5C53521B036B7D008EA8E0 /* Base */ = {isa = PBXFileReference; lastKnownFileType = file.storyboard; name = Base; path = Base.lproj/Main.storyboard; sourceTree = "<group>"; };
		6D5C53541B036B7D008EA8E0 /* Images.xcassets */ = {isa = PBXFileReference; lastKnownFileType = folder.assetcatalog; path = Images.xcassets; sourceTree = "<group>"; };
		6D5C53571B036B7D008EA8E0 /* Base */ = {isa = PBXFileReference; lastKnownFileType = file.xib; name = Base; path = Base.lproj/LaunchScreen.xib; sourceTree = "<group>"; };
		6D5C535D1B036B7D008EA8E0 /* CustomViewWithIBTests.xctest */ = {isa = PBXFileReference; explicitFileType = wrapper.cfbundle; includeInIndex = 0; path = CustomViewWithIBTests.xctest; sourceTree = BUILT_PRODUCTS_DIR; };
		6D5C53621B036B7D008EA8E0 /* Info.plist */ = {isa = PBXFileReference; lastKnownFileType = text.plist.xml; path = Info.plist; sourceTree = "<group>"; };
		6D5C53631B036B7D008EA8E0 /* CustomViewWithIBTests.m */ = {isa = PBXFileReference; lastKnownFileType = sourcecode.c.objc; path = CustomViewWithIBTests.m; sourceTree = "<group>"; };
		6D5C536D1B036BDF008EA8E0 /* MyCustomView.h */ = {isa = PBXFileReference; fileEncoding = 4; lastKnownFileType = sourcecode.c.h; path = MyCustomView.h; sourceTree = "<group>"; };
		6D5C536E1B036BDF008EA8E0 /* MyCustomView.m */ = {isa = PBXFileReference; fileEncoding = 4; lastKnownFileType = sourcecode.c.objc; path = MyCustomView.m; sourceTree = "<group>"; };
		6D5C53701B036C04008EA8E0 /* MyCustomView.xib */ = {isa = PBXFileReference; fileEncoding = 4; lastKnownFileType = file.xib; path = MyCustomView.xib; sourceTree = "<group>"; };
/* End PBXFileReference section */

/* Begin PBXFrameworksBuildPhase section */
		6D5C53411B036B7D008EA8E0 /* Frameworks */ = {
			isa = PBXFrameworksBuildPhase;
			buildActionMask = 2147483647;
			files = (
			);
			runOnlyForDeploymentPostprocessing = 0;
		};
		6D5C535A1B036B7D008EA8E0 /* Frameworks */ = {
			isa = PBXFrameworksBuildPhase;
			buildActionMask = 2147483647;
			files = (
			);
			runOnlyForDeploymentPostprocessing = 0;
		};
/* End PBXFrameworksBuildPhase section */

/* Begin PBXGroup section */
		6D5C533B1B036B7D008EA8E0 = {
			isa = PBXGroup;
			children = (
				6D5C53461B036B7D008EA8E0 /* CustomViewWithIB */,
				6D5C53601B036B7D008EA8E0 /* CustomViewWithIBTests */,
				6D5C53451B036B7D008EA8E0 /* Products */,
			);
			sourceTree = "<group>";
		};
		6D5C53451B036B7D008EA8E0 /* Products */ = {
			isa = PBXGroup;
			children = (
				6D5C53441B036B7D008EA8E0 /* CustomViewWithIB.app */,
				6D5C535D1B036B7D008EA8E0 /* CustomViewWithIBTests.xctest */,
			);
			name = Products;
			sourceTree = "<group>";
		};
		6D5C53461B036B7D008EA8E0 /* CustomViewWithIB */ = {
			isa = PBXGroup;
			children = (
				6D5C534B1B036B7D008EA8E0 /* AppDelegate.h */,
				6D5C534C1B036B7D008EA8E0 /* AppDelegate.m */,
				6D5C534E1B036B7D008EA8E0 /* ViewController.h */,
				6D5C534F1B036B7D008EA8E0 /* ViewController.m */,
				6D5C53511B036B7D008EA8E0 /* Main.storyboard */,
				6D5C53541B036B7D008EA8E0 /* Images.xcassets */,
				6D5C53561B036B7D008EA8E0 /* LaunchScreen.xib */,
				6D5C536D1B036BDF008EA8E0 /* MyCustomView.h */,
				6D5C536E1B036BDF008EA8E0 /* MyCustomView.m */,
				6D5C53701B036C04008EA8E0 /* MyCustomView.xib */,
				6D5C53471B036B7D008EA8E0 /* Supporting Files */,
			);
			path = CustomViewWithIB;
			sourceTree = "<group>";
		};
		6D5C53471B036B7D008EA8E0 /* Supporting Files */ = {
			isa = PBXGroup;
			children = (
				6D5C53481B036B7D008EA8E0 /* Info.plist */,
				6D5C53491B036B7D008EA8E0 /* main.m */,
			);
			name = "Supporting Files";
			sourceTree = "<group>";
		};
		6D5C53601B036B7D008EA8E0 /* CustomViewWithIBTests */ = {
			isa = PBXGroup;
			children = (
				6D5C53631B036B7D008EA8E0 /* CustomViewWithIBTests.m */,
				6D5C53611B036B7D008EA8E0 /* Supporting Files */,
			);
			path = CustomViewWithIBTests;
			sourceTree = "<group>";
		};
		6D5C53611B036B7D008EA8E0 /* Supporting Files */ = {
			isa = PBXGroup;
			children = (
				6D5C53621B036B7D008EA8E0 /* Info.plist */,
			);
			name = "Supporting Files";
			sourceTree = "<group>";
		};
/* End PBXGroup section */

/* Begin PBXNativeTarget section */
		6D5C53431B036B7D008EA8E0 /* CustomViewWithIB */ = {
			isa = PBXNativeTarget;
			buildConfigurationList = 6D5C53671B036B7D008EA8E0 /* Build configuration list for PBXNativeTarget "CustomViewWithIB" */;
			buildPhases = (
				6D5C53401B036B7D008EA8E0 /* Sources */,
				6D5C53411B036B7D008EA8E0 /* Frameworks */,
				6D5C53421B036B7D008EA8E0 /* Resources */,
			);
			buildRules = (
			);
			dependencies = (
			);
			name = CustomViewWithIB;
			productName = CustomViewWithIB;
			productReference = 6D5C53441B036B7D008EA8E0 /* CustomViewWithIB.app */;
			productType = "com.apple.product-type.application";
		};
		6D5C535C1B036B7D008EA8E0 /* CustomViewWithIBTests */ = {
			isa = PBXNativeTarget;
			buildConfigurationList = 6D5C536A1B036B7D008EA8E0 /* Build configuration list for PBXNativeTarget "CustomViewWithIBTests" */;
			buildPhases = (
				6D5C53591B036B7D008EA8E0 /* Sources */,
				6D5C535A1B036B7D008EA8E0 /* Frameworks */,
				6D5C535B1B036B7D008EA8E0 /* Resources */,
			);
			buildRules = (
			);
			dependencies = (
				6D5C535F1B036B7D008EA8E0 /* PBXTargetDependency */,
			);
			name = CustomViewWithIBTests;
			productName = CustomViewWithIBTests;
			productReference = 6D5C535D1B036B7D008EA8E0 /* CustomViewWithIBTests.xctest */;
			productType = "com.apple.product-type.bundle.unit-test";
		};
/* End PBXNativeTarget section */

/* Begin PBXProject section */
		6D5C533C1B036B7D008EA8E0 /* Project object */ = {
			isa = PBXProject;
			attributes = {
				LastUpgradeCheck = 0630;
				TargetAttributes = {
					6D5C53431B036B7D008EA8E0 = {
						CreatedOnToolsVersion = 6.3.1;
					};
					6D5C535C1B036B7D008EA8E0 = {
						CreatedOnToolsVersion = 6.3.1;
						TestTargetID = 6D5C53431B036B7D008EA8E0;
					};
				};
			};
			buildConfigurationList = 6D5C533F1B036B7D008EA8E0 /* Build configuration list for PBXProject "CustomViewWithIB" */;
			compatibilityVersion = "Xcode 3.2";
			developmentRegion = English;
			hasScannedForEncodings = 0;
			knownRegions = (
				en,
				Base,
			);
			mainGroup = 6D5C533B1B036B7D008EA8E0;
			productRefGroup = 6D5C53451B036B7D008EA8E0 /* Products */;
			projectDirPath = "";
			projectRoot = "";
			targets = (
				6D5C53431B036B7D008EA8E0 /* CustomViewWithIB */,
				6D5C535C1B036B7D008EA8E0 /* CustomViewWithIBTests */,
			);
		};
/* End PBXProject section */

/* Begin PBXResourcesBuildPhase section */
		6D5C53421B036B7D008EA8E0 /* Resources */ = {
			isa = PBXResourcesBuildPhase;
			buildActionMask = 2147483647;
			files = (
				6D5C53531B036B7D008EA8E0 /* Main.storyboard in Resources */,
				6D5C53711B036C04008EA8E0 /* MyCustomView.xib in Resources */,
				6D5C53581B036B7D008EA8E0 /* LaunchScreen.xib in Resources */,
				6D5C53551B036B7D008EA8E0 /* Images.xcassets in Resources */,
			);
			runOnlyForDeploymentPostprocessing = 0;
		};
		6D5C535B1B036B7D008EA8E0 /* Resources */ = {
			isa = PBXResourcesBuildPhase;
			buildActionMask = 2147483647;
			files = (
			);
			runOnlyForDeploymentPostprocessing = 0;
		};
/* End PBXResourcesBuildPhase section */

/* Begin PBXSourcesBuildPhase section */
		6D5C53401B036B7D008EA8E0 /* Sources */ = {
			isa = PBXSourcesBuildPhase;
			buildActionMask = 2147483647;
			files = (
				6D5C53501B036B7D008EA8E0 /* ViewController.m in Sources */,
				6D5C536F1B036BDF008EA8E0 /* MyCustomView.m in Sources */,
				6D5C534D1B036B7D008EA8E0 /* AppDelegate.m in Sources */,
				6D5C534A1B036B7D008EA8E0 /* main.m in Sources */,
			);
			runOnlyForDeploymentPostprocessing = 0;
		};
		6D5C53591B036B7D008EA8E0 /* Sources */ = {
			isa = PBXSourcesBuildPhase;
			buildActionMask = 2147483647;
			files = (
				6D5C53641B036B7D008EA8E0 /* CustomViewWithIBTests.m in Sources */,
			);
			runOnlyForDeploymentPostprocessing = 0;
		};
/* End PBXSourcesBuildPhase section */

/* Begin PBXTargetDependency section */
		6D5C535F1B036B7D008EA8E0 /* PBXTargetDependency */ = {
			isa = PBXTargetDependency;
			target = 6D5C53431B036B7D008EA8E0 /* CustomViewWithIB */;
			targetProxy = 6D5C535E1B036B7D008EA8E0 /* PBXContainerItemProxy */;
		};
/* End PBXTargetDependency section */

/* Begin PBXVariantGroup section */
		6D5C53511B036B7D008EA8E0 /* Main.storyboard */ = {
			isa = PBXVariantGroup;
			children = (
				6D5C53521B036B7D008EA8E0 /* Base */,
			);
			name = Main.storyboard;
			sourceTree = "<group>";
		};
		6D5C53561B036B7D008EA8E0 /* LaunchScreen.xib */ = {
			isa = PBXVariantGroup;
			children = (
				6D5C53571B036B7D008EA8E0 /* Base */,
			);
			name = LaunchScreen.xib;
			sourceTree = "<group>";
		};
/* End PBXVariantGroup section */

/* Begin XCBuildConfiguration section */
		6D5C53651B036B7D008EA8E0 /* Debug */ = {
			isa = XCBuildConfiguration;
			buildSettings = {
				ALWAYS_SEARCH_USER_PATHS = NO;
				CLANG_CXX_LANGUAGE_STANDARD = "gnu++0x";
				CLANG_CXX_LIBRARY = "libc++";
				CLANG_ENABLE_MODULES = YES;
				CLANG_ENABLE_OBJC_ARC = YES;
				CLANG_WARN_BOOL_CONVERSION = YES;
				CLANG_WARN_CONSTANT_CONVERSION = YES;
				CLANG_WARN_DIRECT_OBJC_ISA_USAGE = YES_ERROR;
				CLANG_WARN_EMPTY_BODY = YES;
				CLANG_WARN_ENUM_CONVERSION = YES;
				CLANG_WARN_INT_CONVERSION = YES;
				CLANG_WARN_OBJC_ROOT_CLASS = YES_ERROR;
				CLANG_WARN_UNREACHABLE_CODE = YES;
				CLANG_WARN__DUPLICATE_METHOD_MATCH = YES;
				"CODE_SIGN_IDENTITY[sdk=iphoneos*]" = "iPhone Developer";
				COPY_PHASE_STRIP = NO;
				DEBUG_INFORMATION_FORMAT = "dwarf-with-dsym";
				ENABLE_STRICT_OBJC_MSGSEND = YES;
				GCC_C_LANGUAGE_STANDARD = gnu99;
				GCC_DYNAMIC_NO_PIC = NO;
				GCC_NO_COMMON_BLOCKS = YES;
				GCC_OPTIMIZATION_LEVEL = 0;
				GCC_PREPROCESSOR_DEFINITIONS = (
					"DEBUG=1",
					"$(inherited)",
				);
				GCC_SYMBOLS_PRIVATE_EXTERN = NO;
				GCC_WARN_64_TO_32_BIT_CONVERSION = YES;
				GCC_WARN_ABOUT_RETURN_TYPE = YES_ERROR;
				GCC_WARN_UNDECLARED_SELECTOR = YES;
				GCC_WARN_UNINITIALIZED_AUTOS = YES_AGGRESSIVE;
				GCC_WARN_UNUSED_FUNCTION = YES;
				GCC_WARN_UNUSED_VARIABLE = YES;
				IPHONEOS_DEPLOYMENT_TARGET = 8.3;
				MTL_ENABLE_DEBUG_INFO = YES;
				ONLY_ACTIVE_ARCH = YES;
				SDKROOT = iphoneos;
			};
			name = Debug;
		};
		6D5C53661B036B7D008EA8E0 /* Release */ = {
			isa = XCBuildConfiguration;
			buildSettings = {
				ALWAYS_SEARCH_USER_PATHS = NO;
				CLANG_CXX_LANGUAGE_STANDARD = "gnu++0x";
				CLANG_CXX_LIBRARY = "libc++";
				CLANG_ENABLE_MODULES = YES;
				CLANG_ENABLE_OBJC_ARC = YES;
				CLANG_WARN_BOOL_CONVERSION = YES;
				CLANG_WARN_CONSTANT_CONVERSION = YES;
				CLANG_WARN_DIRECT_OBJC_ISA_USAGE = YES_ERROR;
				CLANG_WARN_EMPTY_BODY = YES;
				CLANG_WARN_ENUM_CONVERSION = YES;
				CLANG_WARN_INT_CONVERSION = YES;
				CLANG_WARN_OBJC_ROOT_CLASS = YES_ERROR;
				CLANG_WARN_UNREACHABLE_CODE = YES;
				CLANG_WARN__DUPLICATE_METHOD_MATCH = YES;
				"CODE_SIGN_IDENTITY[sdk=iphoneos*]" = "iPhone Developer";
				COPY_PHASE_STRIP = NO;
				DEBUG_INFORMATION_FORMAT = "dwarf-with-dsym";
				ENABLE_NS_ASSERTIONS = NO;
				ENABLE_STRICT_OBJC_MSGSEND = YES;
				GCC_C_LANGUAGE_STANDARD = gnu99;
				GCC_NO_COMMON_BLOCKS = YES;
				GCC_WARN_64_TO_32_BIT_CONVERSION = YES;
				GCC_WARN_ABOUT_RETURN_TYPE = YES_ERROR;
				GCC_WARN_UNDECLARED_SELECTOR = YES;
				GCC_WARN_UNINITIALIZED_AUTOS = YES_AGGRESSIVE;
				GCC_WARN_UNUSED_FUNCTION = YES;
				GCC_WARN_UNUSED_VARIABLE = YES;
				IPHONEOS_DEPLOYMENT_TARGET = 8.3;
				MTL_ENABLE_DEBUG_INFO = NO;
				SDKROOT = iphoneos;
				VALIDATE_PRODUCT = YES;
			};
			name = Release;
		};
		6D5C53681B036B7D008EA8E0 /* Debug */ = {
			isa = XCBuildConfiguration;
			buildSettings = {
				ASSETCATALOG_COMPILER_APPICON_NAME = AppIcon;
				INFOPLIST_FILE = CustomViewWithIB/Info.plist;
				LD_RUNPATH_SEARCH_PATHS = "$(inherited) @executable_path/Frameworks";
				PRODUCT_NAME = "$(TARGET_NAME)";
			};
			name = Debug;
		};
		6D5C53691B036B7D008EA8E0 /* Release */ = {
			isa = XCBuildConfiguration;
			buildSettings = {
				ASSETCATALOG_COMPILER_APPICON_NAME = AppIcon;
				INFOPLIST_FILE = CustomViewWithIB/Info.plist;
				LD_RUNPATH_SEARCH_PATHS = "$(inherited) @executable_path/Frameworks";
				PRODUCT_NAME = "$(TARGET_NAME)";
			};
			name = Release;
		};
		6D5C536B1B036B7D008EA8E0 /* Debug */ = {
			isa = XCBuildConfiguration;
			buildSettings = {
				BUNDLE_LOADER = "$(TEST_HOST)";
				FRAMEWORK_SEARCH_PATHS = (
					"$(SDKROOT)/Developer/Library/Frameworks",
					"$(inherited)",
				);
				GCC_PREPROCESSOR_DEFINITIONS = (
					"DEBUG=1",
					"$(inherited)",
				);
				INFOPLIST_FILE = CustomViewWithIBTests/Info.plist;
				LD_RUNPATH_SEARCH_PATHS = "$(inherited) @executable_path/Frameworks @loader_path/Frameworks";
				PRODUCT_NAME = "$(TARGET_NAME)";
				TEST_HOST = "$(BUILT_PRODUCTS_DIR)/CustomViewWithIB.app/CustomViewWithIB";
			};
			name = Debug;
		};
		6D5C536C1B036B7D008EA8E0 /* Release */ = {
			isa = XCBuildConfiguration;
			buildSettings = {
				BUNDLE_LOADER = "$(TEST_HOST)";
				FRAMEWORK_SEARCH_PATHS = (
					"$(SDKROOT)/Developer/Library/Frameworks",
					"$(inherited)",
				);
				INFOPLIST_FILE = CustomViewWithIBTests/Info.plist;
				LD_RUNPATH_SEARCH_PATHS = "$(inherited) @executable_path/Frameworks @loader_path/Frameworks";
				PRODUCT_NAME = "$(TARGET_NAME)";
				TEST_HOST = "$(BUILT_PRODUCTS_DIR)/CustomViewWithIB.app/CustomViewWithIB";
			};
			name = Release;
		};
/* End XCBuildConfiguration section */

/* Begin XCConfigurationList section */
		6D5C533F1B036B7D008EA8E0 /* Build configuration list for PBXProject "CustomViewWithIB" */ = {
			isa = XCConfigurationList;
			buildConfigurations = (
				6D5C53651B036B7D008EA8E0 /* Debug */,
				6D5C53661B036B7D008EA8E0 /* Release */,
			);
			defaultConfigurationIsVisible = 0;
			defaultConfigurationName = Release;
		};
		6D5C53671B036B7D008EA8E0 /* Build configuration list for PBXNativeTarget "CustomViewWithIB" */ = {
			isa = XCConfigurationList;
			buildConfigurations = (
				6D5C53681B036B7D008EA8E0 /* Debug */,
				6D5C53691B036B7D008EA8E0 /* Release */,
			);
			defaultConfigurationIsVisible = 0;
			defaultConfigurationName = Release;
		};
		6D5C536A1B036B7D008EA8E0 /* Build configuration list for PBXNativeTarget "CustomViewWithIBTests" */ = {
			isa = XCConfigurationList;
			buildConfigurations = (
				6D5C536B1B036B7D008EA8E0 /* Debug */,
				6D5C536C1B036B7D008EA8E0 /* Release */,
			);
			defaultConfigurationIsVisible = 0;
			defaultConfigurationName = Release;
		};
/* End XCConfigurationList section */
	};
	rootObject = 6D5C533C1B036B7D008EA8E0 /* Project object */;
}
